
Microsoft Visual Studio Solution File, Format Version 12.00
# Visual Studio Version 16
VisualStudioVersion = 16.0.29230.61
MinimumVisualStudioVersion = 10.0.40219.1
Project("{9A19103F-16F7-4668-BE54-9A1E7A4F7556}") = "Alan.Amqp", "Alan.Amqp\Alan.Amqp.csproj", "{E6D17274-E1DF-4B6F-96C6-51BC964F3010}"
EndProject
Project("{9A19103F-16F7-4668-BE54-9A1E7A4F7556}") = "Tests", "Tests\Tests.csproj", "{33CB0AE6-80C0-49B9-B205-8E7A835F9632}"
EndProject
Project("{FAE04EC0-301F-11D3-BF4B-00C04F79EFBC}") = "PerformanceTests", "PerformanceTests\PerformanceTests.csproj", "{05279B90-551C-4F6E-90BF-659264C860D2}"
EndProject
Global
	GlobalSection(SolutionConfigurationPlatforms) = preSolution
		Debug|Any CPU = Debug|Any CPU
		Release|Any CPU = Release|Any CPU
	EndGlobalSection
	GlobalSection(ProjectConfigurationPlatforms) = postSolution
		{E6D17274-E1DF-4B6F-96C6-51BC964F3010}.Debug|Any CPU.ActiveCfg = Debug|Any CPU
		{E6D17274-E1DF-4B6F-96C6-51BC964F3010}.Debug|Any CPU.Build.0 = Debug|Any CPU
		{E6D17274-E1DF-4B6F-96C6-51BC964F3010}.Release|Any CPU.ActiveCfg = Release|Any CPU
		{E6D17274-E1DF-4B6F-96C6-51BC964F3010}.Release|Any CPU.Build.0 = Release|Any CPU
		{33CB0AE6-80C0-49B9-B205-8E7A835F9632}.Debug|Any CPU.ActiveCfg = Debug|Any CPU
		{33CB0AE6-80C0-49B9-B205-8E7A835F9632}.Debug|Any CPU.Build.0 = Debug|Any CPU
		{33CB0AE6-80C0-49B9-B205-8E7A835F9632}.Release|Any CPU.ActiveCfg = Release|Any CPU
		{33CB0AE6-80C0-49B9-B205-8E7A835F9632}.Release|Any CPU.Build.0 = Release|Any CPU
		{05279B90-551C-4F6E-90BF-659264C860D2}.Debug|Any CPU.ActiveCfg = Debug|Any CPU
		{05279B90-551C-4F6E-90BF-659264C860D2}.Debug|Any CPU.Build.0 = Debug|Any CPU
		{05279B90-551C-4F6E-90BF-659264C860D2}.Release|Any CPU.ActiveCfg = Release|Any CPU
		{05279B90-551C-4F6E-90BF-659264C860D2}.Release|Any CPU.Build.0 = Release|Any CPU
	EndGlobalSection
	GlobalSection(SolutionProperties) = preSolution
		HideSolutionNode = FALSE
	EndGlobalSection
	GlobalSection(ExtensibilityGlobals) = postSolution
		SolutionGuid = {D33F52EA-EFE2-455B-89CC-9FF2F9D69802}
	EndGlobalSection
EndGlobal
